// !$*UTF8*$!
{
	archiveVersion = 1;
	classes = {
	};
	objectVersion = 50;
	objects = {

/* Begin PBXBuildFile section */
		2236D1E626856BA500E5E6E0 /* LandmarksApp.swift in Sources */ = {isa = PBXBuildFile; fileRef = 2236D1E526856BA500E5E6E0 /* LandmarksApp.swift */; };
		2236D1E826856BA500E5E6E0 /* ContentView.swift in Sources */ = {isa = PBXBuildFile; fileRef = 2236D1E726856BA500E5E6E0 /* ContentView.swift */; };
		2236D1EA26856BA600E5E6E0 /* Assets.xcassets in Resources */ = {isa = PBXBuildFile; fileRef = 2236D1E926856BA600E5E6E0 /* Assets.xcassets */; };
		2236D1ED26856BA600E5E6E0 /* Preview Assets.xcassets in Resources */ = {isa = PBXBuildFile; fileRef = 2236D1EC26856BA600E5E6E0 /* Preview Assets.xcassets */; };
		2236D1F626856EA400E5E6E0 /* CircleImage.swift in Sources */ = {isa = PBXBuildFile; fileRef = 2236D1F526856EA400E5E6E0 /* CircleImage.swift */; };
		2236D1FC2685725900E5E6E0 /* landmarkData.json in Resources */ = {isa = PBXBuildFile; fileRef = 2236D1FB2685725900E5E6E0 /* landmarkData.json */; };
		2236D1FF2685727100E5E6E0 /* Landmark.swift in Sources */ = {isa = PBXBuildFile; fileRef = 2236D1FE2685727100E5E6E0 /* Landmark.swift */; };
		2236D2022685731A00E5E6E0 /* ModelData.swift in Sources */ = {isa = PBXBuildFile; fileRef = 2236D2012685731A00E5E6E0 /* ModelData.swift */; };
		2236D20A2685737900E5E6E0 /* LandmarkRow.swift in Sources */ = {isa = PBXBuildFile; fileRef = 2236D2092685737900E5E6E0 /* LandmarkRow.swift */; };
		2236D20E2685750900E5E6E0 /* LandmarkList.swift in Sources */ = {isa = PBXBuildFile; fileRef = 2236D20D2685750900E5E6E0 /* LandmarkList.swift */; };
		2236D211268575DD00E5E6E0 /* LandmarkDetail.swift in Sources */ = {isa = PBXBuildFile; fileRef = 2236D210268575DD00E5E6E0 /* LandmarkDetail.swift */; };
		2236D2142685893D00E5E6E0 /* FavoriteButton.swift in Sources */ = {isa = PBXBuildFile; fileRef = 2236D2132685893D00E5E6E0 /* FavoriteButton.swift */; };
		2236D21B2685A8C300E5E6E0 /* MapView.swift in Sources */ = {isa = PBXBuildFile; fileRef = 2236D21A2685A8C300E5E6E0 /* MapView.swift */; };
/* End PBXBuildFile section */

/* Begin PBXFileReference section */
		2236D1E226856BA500E5E6E0 /* Landmarks.app */ = {isa = PBXFileReference; explicitFileType = wrapper.application; includeInIndex = 0; path = Landmarks.app; sourceTree = BUILT_PRODUCTS_DIR; };
		2236D1E526856BA500E5E6E0 /* LandmarksApp.swift */ = {isa = PBXFileReference; lastKnownFileType = sourcecode.swift; path = LandmarksApp.swift; sourceTree = "<group>"; };
		2236D1E726856BA500E5E6E0 /* ContentView.swift */ = {isa = PBXFileReference; lastKnownFileType = sourcecode.swift; path = ContentView.swift; sourceTree = "<group>"; };
		2236D1E926856BA600E5E6E0 /* Assets.xcassets */ = {isa = PBXFileReference; lastKnownFileType = folder.assetcatalog; path = Assets.xcassets; sourceTree = "<group>"; };
		2236D1EC26856BA600E5E6E0 /* Preview Assets.xcassets */ = {isa = PBXFileReference; lastKnownFileType = folder.assetcatalog; path = "Preview Assets.xcassets"; sourceTree = "<group>"; };
		2236D1EE26856BA600E5E6E0 /* Info.plist */ = {isa = PBXFileReference; lastKnownFileType = text.plist.xml; path = Info.plist; sourceTree = "<group>"; };
		2236D1F526856EA400E5E6E0 /* CircleImage.swift */ = {isa = PBXFileReference; lastKnownFileType = sourcecode.swift; path = CircleImage.swift; sourceTree = "<group>"; };
		2236D1FB2685725900E5E6E0 /* landmarkData.json */ = {isa = PBXFileReference; fileEncoding = 4; lastKnownFileType = text.json; path = landmarkData.json; sourceTree = "<group>"; };
		2236D1FE2685727100E5E6E0 /* Landmark.swift */ = {isa = PBXFileReference; lastKnownFileType = sourcecode.swift; path = Landmark.swift; sourceTree = "<group>"; };
		2236D2012685731A00E5E6E0 /* ModelData.swift */ = {isa = PBXFileReference; lastKnownFileType = sourcecode.swift; path = ModelData.swift; sourceTree = "<group>"; };
		2236D2092685737900E5E6E0 /* LandmarkRow.swift */ = {isa = PBXFileReference; lastKnownFileType = sourcecode.swift; path = LandmarkRow.swift; sourceTree = "<group>"; };
		2236D20D2685750900E5E6E0 /* LandmarkList.swift */ = {isa = PBXFileReference; lastKnownFileType = sourcecode.swift; path = LandmarkList.swift; sourceTree = "<group>"; };
		2236D210268575DD00E5E6E0 /* LandmarkDetail.swift */ = {isa = PBXFileReference; lastKnownFileType = sourcecode.swift; path = LandmarkDetail.swift; sourceTree = "<group>"; };
		2236D2132685893D00E5E6E0 /* FavoriteButton.swift */ = {isa = PBXFileReference; lastKnownFileType = sourcecode.swift; path = FavoriteButton.swift; sourceTree = "<group>"; };
		2236D21A2685A8C300E5E6E0 /* MapView.swift */ = {isa = PBXFileReference; lastKnownFileType = sourcecode.swift; path = MapView.swift; sourceTree = "<group>"; };
/* End PBXFileReference section */

/* Begin PBXFrameworksBuildPhase section */
		2236D1DF26856BA500E5E6E0 /* Frameworks */ = {
			isa = PBXFrameworksBuildPhase;
			buildActionMask = 2147483647;
			files = (
			);
			runOnlyForDeploymentPostprocessing = 0;
		};
/* End PBXFrameworksBuildPhase section */

/* Begin PBXGroup section */
		2236D1D926856BA500E5E6E0 = {
			isa = PBXGroup;
			children = (
				2236D1E426856BA500E5E6E0 /* Landmarks */,
				2236D1E326856BA500E5E6E0 /* Products */,
			);
			sourceTree = "<group>";
		};
		2236D1E326856BA500E5E6E0 /* Products */ = {
			isa = PBXGroup;
			children = (
				2236D1E226856BA500E5E6E0 /* Landmarks.app */,
			);
			name = Products;
			sourceTree = "<group>";
		};
		2236D1E426856BA500E5E6E0 /* Landmarks */ = {
			isa = PBXGroup;
			children = (
				2236D2072685735B00E5E6E0 /* Resources */,
				2236D1E526856BA500E5E6E0 /* LandmarksApp.swift */,
				2236D2042685734400E5E6E0 /* Views */,
				2236D2052685734F00E5E6E0 /* Model */,
				2236D1E926856BA600E5E6E0 /* Assets.xcassets */,
				2236D1EE26856BA600E5E6E0 /* Info.plist */,
				2236D1EB26856BA600E5E6E0 /* Preview Content */,
			);
			path = Landmarks;
			sourceTree = "<group>";
		};
		2236D1EB26856BA600E5E6E0 /* Preview Content */ = {
			isa = PBXGroup;
			children = (
				2236D1EC26856BA600E5E6E0 /* Preview Assets.xcassets */,
			);
			path = "Preview Content";
			sourceTree = "<group>";
		};
		2236D2042685734400E5E6E0 /* Views */ = {
			isa = PBXGroup;
			children = (
				2236D1E726856BA500E5E6E0 /* ContentView.swift */,
				2236D2182685903E00E5E6E0 /* Helpers */,
				2236D2162685902300E5E6E0 /* Landmarks */,
			);
			path = Views;
			sourceTree = "<group>";
		};
		2236D2052685734F00E5E6E0 /* Model */ = {
			isa = PBXGroup;
			children = (
				2236D1FE2685727100E5E6E0 /* Landmark.swift */,
				2236D2012685731A00E5E6E0 /* ModelData.swift */,
			);
			path = Model;
			sourceTree = "<group>";
		};
		2236D2072685735B00E5E6E0 /* Resources */ = {
			isa = PBXGroup;
			children = (
				2236D1FB2685725900E5E6E0 /* landmarkData.json */,
			);
			path = Resources;
			sourceTree = "<group>";
		};
		2236D2162685902300E5E6E0 /* Landmarks */ = {
			isa = PBXGroup;
			children = (
				2236D2092685737900E5E6E0 /* LandmarkRow.swift */,
				2236D20D2685750900E5E6E0 /* LandmarkList.swift */,
				2236D210268575DD00E5E6E0 /* LandmarkDetail.swift */,
				2236D21A2685A8C300E5E6E0 /* MapView.swift */,
			);
			path = Landmarks;
			sourceTree = "<group>";
		};
		2236D2182685903E00E5E6E0 /* Helpers */ = {
			isa = PBXGroup;
			children = (
				2236D1F526856EA400E5E6E0 /* CircleImage.swift */,
				2236D2132685893D00E5E6E0 /* FavoriteButton.swift */,
			);
			path = Helpers;
			sourceTree = "<group>";
		};
/* End PBXGroup section */

/* Begin PBXNativeTarget section */
		2236D1E126856BA500E5E6E0 /* Landmarks */ = {
			isa = PBXNativeTarget;
			buildConfigurationList = 2236D1F126856BA600E5E6E0 /* Build configuration list for PBXNativeTarget "Landmarks" */;
			buildPhases = (
				2236D1DE26856BA500E5E6E0 /* Sources */,
				2236D1DF26856BA500E5E6E0 /* Frameworks */,
				2236D1E026856BA500E5E6E0 /* Resources */,
			);
			buildRules = (
			);
			dependencies = (
			);
			name = Landmarks;
			productName = Landmarks;
			productReference = 2236D1E226856BA500E5E6E0 /* Landmarks.app */;
			productType = "com.apple.product-type.application";
		};
/* End PBXNativeTarget section */

/* Begin PBXProject section */
		2236D1DA26856BA500E5E6E0 /* Project object */ = {
			isa = PBXProject;
			attributes = {
				LastSwiftUpdateCheck = 1200;
				LastUpgradeCheck = 1200;
				TargetAttributes = {
					2236D1E126856BA500E5E6E0 = {
						CreatedOnToolsVersion = 12.0.1;
					};
				};
			};
			buildConfigurationList = 2236D1DD26856BA500E5E6E0 /* Build configuration list for PBXProject "Landmarks" */;
			compatibilityVersion = "Xcode 9.3";
			developmentRegion = en;
			hasScannedForEncodings = 0;
			knownRegions = (
				en,
				Base,
			);
			mainGroup = 2236D1D926856BA500E5E6E0;
			productRefGroup = 2236D1E326856BA500E5E6E0 /* Products */;
			projectDirPath = "";
			projectRoot = "";
			targets = (
				2236D1E126856BA500E5E6E0 /* Landmarks */,
			);
		};
/* End PBXProject section */

/* Begin PBXResourcesBuildPhase section */
		2236D1E026856BA500E5E6E0 /* Resources */ = {
			isa = PBXResourcesBuildPhase;
			buildActionMask = 2147483647;
			files = (
				2236D1ED26856BA600E5E6E0 /* Preview Assets.xcassets in Resources */,
				2236D1EA26856BA600E5E6E0 /* Assets.xcassets in Resources */,
				2236D1FC2685725900E5E6E0 /* landmarkData.json in Resources */,
			);
			runOnlyForDeploymentPostprocessing = 0;
		};
/* End PBXResourcesBuildPhase section */

/* Begin PBXSourcesBuildPhase section */
		2236D1DE26856BA500E5E6E0 /* Sources */ = {
			isa = PBXSourcesBuildPhase;
			buildActionMask = 2147483647;
			files = (
				2236D1E826856BA500E5E6E0 /* ContentView.swift in Sources */,
				2236D1E626856BA500E5E6E0 /* LandmarksApp.swift in Sources */,
				2236D21B2685A8C300E5E6E0 /* MapView.swift in Sources */,
				2236D2142685893D00E5E6E0 /* FavoriteButton.swift in Sources */,
				2236D20E2685750900E5E6E0 /* LandmarkList.swift in Sources */,
				2236D211268575DD00E5E6E0 /* LandmarkDetail.swift in Sources */,
				2236D1F626856EA400E5E6E0 /* CircleImage.swift in Sources */,
				2236D1FF2685727100E5E6E0 /* Landmark.swift in Sources */,
				2236D20A2685737900E5E6E0 /* LandmarkRow.swift in Sources */,
				2236D2022685731A00E5E6E0 /* ModelData.swift in Sources */,
			);
			runOnlyForDeploymentPostprocessing = 0;
		};
/* End PBXSourcesBuildPhase section */

/* Begin XCBuildConfiguration section */
		2236D1EF26856BA600E5E6E0 /* Debug */ = {
			isa = XCBuildConfiguration;
			buildSettings = {
				ALWAYS_SEARCH_USER_PATHS = NO;
				CLANG_ANALYZER_NONNULL = YES;
				CLANG_ANALYZER_NUMBER_OBJECT_CONVERSION = YES_AGGRESSIVE;
				CLANG_CXX_LANGUAGE_STANDARD = "gnu++14";
				CLANG_CXX_LIBRARY = "libc++";
				CLANG_ENABLE_MODULES = YES;
				CLANG_ENABLE_OBJC_ARC = YES;
				CLANG_ENABLE_OBJC_WEAK = YES;
				CLANG_WARN_BLOCK_CAPTURE_AUTORELEASING = YES;
				CLANG_WARN_BOOL_CONVERSION = YES;
				CLANG_WARN_COMMA = YES;
				CLANG_WARN_CONSTANT_CONVERSION = YES;
				CLANG_WARN_DEPRECATED_OBJC_IMPLEMENTATIONS = YES;
				CLANG_WARN_DIRECT_OBJC_ISA_USAGE = YES_ERROR;
				CLANG_WARN_DOCUMENTATION_COMMENTS = YES;
				CLANG_WARN_EMPTY_BODY = YES;
				CLANG_WARN_ENUM_CONVERSION = YES;
				CLANG_WARN_INFINITE_RECURSION = YES;
				CLANG_WARN_INT_CONVERSION = YES;
				CLANG_WARN_NON_LITERAL_NULL_CONVERSION = YES;
				CLANG_WARN_OBJC_IMPLICIT_RETAIN_SELF = YES;
				CLANG_WARN_OBJC_LITERAL_CONVERSION = YES;
				CLANG_WARN_OBJC_ROOT_CLASS = YES_ERROR;
				CLANG_WARN_QUOTED_INCLUDE_IN_FRAMEWORK_HEADER = YES;
				CLANG_WARN_RANGE_LOOP_ANALYSIS = YES;
				CLANG_WARN_STRICT_PROTOTYPES = YES;
				CLANG_WARN_SUSPICIOUS_MOVE = YES;
				CLANG_WARN_UNGUARDED_AVAILABILITY = YES_AGGRESSIVE;
				CLANG_WARN_UNREACHABLE_CODE = YES;
				CLANG_WARN__DUPLICATE_METHOD_MATCH = YES;
				COPY_PHASE_STRIP = NO;
				DEBUG_INFORMATION_FORMAT = dwarf;
				ENABLE_STRICT_OBJC_MSGSEND = YES;
				ENABLE_TESTABILITY = YES;
				GCC_C_LANGUAGE_STANDARD = gnu11;
				GCC_DYNAMIC_NO_PIC = NO;
				GCC_NO_COMMON_BLOCKS = YES;
				GCC_OPTIMIZATION_LEVEL = 0;
				GCC_PREPROCESSOR_DEFINITIONS = (
					"DEBUG=1",
					"$(inherited)",
				);
				GCC_WARN_64_TO_32_BIT_CONVERSION = YES;
				GCC_WARN_ABOUT_RETURN_TYPE = YES_ERROR;
				GCC_WARN_UNDECLARED_SELECTOR = YES;
				GCC_WARN_UNINITIALIZED_AUTOS = YES_AGGRESSIVE;
				GCC_WARN_UNUSED_FUNCTION = YES;
				GCC_WARN_UNUSED_VARIABLE = YES;
				IPHONEOS_DEPLOYMENT_TARGET = 14.0;
				MTL_ENABLE_DEBUG_INFO = INCLUDE_SOURCE;
				MTL_FAST_MATH = YES;
				ONLY_ACTIVE_ARCH = YES;
				SDKROOT = iphoneos;
				SWIFT_ACTIVE_COMPILATION_CONDITIONS = DEBUG;
				SWIFT_OPTIMIZATION_LEVEL = "-Onone";
			};
			name = Debug;
		};
		2236D1F026856BA600E5E6E0 /* Release */ = {
			isa = XCBuildConfiguration;
			buildSettings = {
				ALWAYS_SEARCH_USER_PATHS = NO;
				CLANG_ANALYZER_NONNULL = YES;
				CLANG_ANALYZER_NUMBER_OBJECT_CONVERSION = YES_AGGRESSIVE;
				CLANG_CXX_LANGUAGE_STANDARD = "gnu++14";
				CLANG_CXX_LIBRARY = "libc++";
				CLANG_ENABLE_MODULES = YES;
				CLANG_ENABLE_OBJC_ARC = YES;
				CLANG_ENABLE_OBJC_WEAK = YES;
				CLANG_WARN_BLOCK_CAPTURE_AUTORELEASING = YES;
				CLANG_WARN_BOOL_CONVERSION = YES;
				CLANG_WARN_COMMA = YES;
				CLANG_WARN_CONSTANT_CONVERSION = YES;
				CLANG_WARN_DEPRECATED_OBJC_IMPLEMENTATIONS = YES;
				CLANG_WARN_DIRECT_OBJC_ISA_USAGE = YES_ERROR;
				CLANG_WARN_DOCUMENTATION_COMMENTS = YES;
				CLANG_WARN_EMPTY_BODY = YES;
				CLANG_WARN_ENUM_CONVERSION = YES;
				CLANG_WARN_INFINITE_RECURSION = YES;
				CLANG_WARN_INT_CONVERSION = YES;
				CLANG_WARN_NON_LITERAL_NULL_CONVERSION = YES;
				CLANG_WARN_OBJC_IMPLICIT_RETAIN_SELF = YES;
				CLANG_WARN_OBJC_LITERAL_CONVERSION = YES;
				CLANG_WARN_OBJC_ROOT_CLASS = YES_ERROR;
				CLANG_WARN_QUOTED_INCLUDE_IN_FRAMEWORK_HEADER = YES;
				CLANG_WARN_RANGE_LOOP_ANALYSIS = YES;
				CLANG_WARN_STRICT_PROTOTYPES = YES;
				CLANG_WARN_SUSPICIOUS_MOVE = YES;
				CLANG_WARN_UNGUARDED_AVAILABILITY = YES_AGGRESSIVE;
				CLANG_WARN_UNREACHABLE_CODE = YES;
				CLANG_WARN__DUPLICATE_METHOD_MATCH = YES;
				COPY_PHASE_STRIP = NO;
				DEBUG_INFORMATION_FORMAT = "dwarf-with-dsym";
				ENABLE_NS_ASSERTIONS = NO;
				ENABLE_STRICT_OBJC_MSGSEND = YES;
				GCC_C_LANGUAGE_STANDARD = gnu11;
				GCC_NO_COMMON_BLOCKS = YES;
				GCC_WARN_64_TO_32_BIT_CONVERSION = YES;
				GCC_WARN_ABOUT_RETURN_TYPE = YES_ERROR;
				GCC_WARN_UNDECLARED_SELECTOR = YES;
				GCC_WARN_UNINITIALIZED_AUTOS = YES_AGGRESSIVE;
				GCC_WARN_UNUSED_FUNCTION = YES;
				GCC_WARN_UNUSED_VARIABLE = YES;
				IPHONEOS_DEPLOYMENT_TARGET = 14.0;
				MTL_ENABLE_DEBUG_INFO = NO;
				MTL_FAST_MATH = YES;
				SDKROOT = iphoneos;
				SWIFT_COMPILATION_MODE = wholemodule;
				SWIFT_OPTIMIZATION_LEVEL = "-O";
				VALIDATE_PRODUCT = YES;
			};
			name = Release;
		};
		2236D1F226856BA600E5E6E0 /* Debug */ = {
			isa = XCBuildConfiguration;
			buildSettings = {
				ASSETCATALOG_COMPILER_APPICON_NAME = AppIcon;
				ASSETCATALOG_COMPILER_GLOBAL_ACCENT_COLOR_NAME = AccentColor;
				CODE_SIGN_STYLE = Automatic;
				DEVELOPMENT_ASSET_PATHS = "\"Landmarks/Preview Content\"";
				ENABLE_PREVIEWS = YES;
				INFOPLIST_FILE = Landmarks/Info.plist;
				IPHONEOS_DEPLOYMENT_TARGET = 14.0;
				LD_RUNPATH_SEARCH_PATHS = (
					"$(inherited)",
					"@executable_path/Frameworks",
				);
				PRODUCT_BUNDLE_IDENTIFIER = cuongdd.Landmarks;
				PRODUCT_NAME = "$(TARGET_NAME)";
				SWIFT_VERSION = 5.0;
				TARGETED_DEVICE_FAMILY = "1,2";
			};
			name = Debug;
		};
		2236D1F326856BA600E5E6E0 /* Release */ = {
			isa = XCBuildConfiguration;
			buildSettings = {
				ASSETCATALOG_COMPILER_APPICON_NAME = AppIcon;
				ASSETCATALOG_COMPILER_GLOBAL_ACCENT_COLOR_NAME = AccentColor;
				CODE_SIGN_STYLE = Automatic;
				DEVELOPMENT_ASSET_PATHS = "\"Landmarks/Preview Content\"";
				ENABLE_PREVIEWS = YES;
				INFOPLIST_FILE = Landmarks/Info.plist;
				IPHONEOS_DEPLOYMENT_TARGET = 14.0;
				LD_RUNPATH_SEARCH_PATHS = (
					"$(inherited)",
					"@executable_path/Frameworks",
				);
				PRODUCT_BUNDLE_IDENTIFIER = cuongdd.Landmarks;
				PRODUCT_NAME = "$(TARGET_NAME)";
				SWIFT_VERSION = 5.0;
				TARGETED_DEVICE_FAMILY = "1,2";
			};
			name = Release;
		};
/* End XCBuildConfiguration section */

/* Begin XCConfigurationList section */
		2236D1DD26856BA500E5E6E0 /* Build configuration list for PBXProject "Landmarks" */ = {
			isa = XCConfigurationList;
			buildConfigurations = (
				2236D1EF26856BA600E5E6E0 /* Debug */,
				2236D1F026856BA600E5E6E0 /* Release */,
			);
			defaultConfigurationIsVisible = 0;
			defaultConfigurationName = Release;
		};
		2236D1F126856BA600E5E6E0 /* Build configuration list for PBXNativeTarget "Landmarks" */ = {
			isa = XCConfigurationList;
			buildConfigurations = (
				2236D1F226856BA600E5E6E0 /* Debug */,
				2236D1F326856BA600E5E6E0 /* Release */,
			);
			defaultConfigurationIsVisible = 0;
			defaultConfigurationName = Release;
		};
/* End XCConfigurationList section */
	};
	rootObject = 2236D1DA26856BA500E5E6E0 /* Project object */;
}
